
Microsoft Visual Studio Solution File, Format Version 12.00
# Visual Studio Version 17
VisualStudioVersion = 17.7.34031.279
MinimumVisualStudioVersion = 10.0.40219.1
Project("{9A19103F-16F7-4668-BE54-9A1E7A4F7556}") = "EcomApp", "EcomApp.csproj", "{18123D57-3D35-48B3-9292-8DC5203AD644}"
EndProject
Global
	GlobalSection(SolutionConfigurationPlatforms) = preSolution
		Debug|Any CPU = Debug|Any CPU
		Release|Any CPU = Release|Any CPU
	EndGlobalSection
	GlobalSection(ProjectConfigurationPlatforms) = postSolution
		{18123D57-3D35-48B3-9292-8DC5203AD644}.Debug|Any CPU.ActiveCfg = Debug|Any CPU
		{18123D57-3D35-48B3-9292-8DC5203AD644}.Debug|Any CPU.Build.0 = Debug|Any CPU
		{18123D57-3D35-48B3-9292-8DC5203AD644}.Release|Any CPU.ActiveCfg = Release|Any CPU
		{18123D57-3D35-48B3-9292-8DC5203AD644}.Release|Any CPU.Build.0 = Release|Any CPU
	EndGlobalSection
	GlobalSection(SolutionProperties) = preSolution
		HideSolutionNode = FALSE
	EndGlobalSection
	GlobalSection(ExtensibilityGlobals) = postSolution
		SolutionGuid = {F6125D67-4C7B-436C-9682-E7180470EEDA}
	EndGlobalSection
EndGlobal
